
Microsoft Visual Studio Solution File, Format Version 12.00
# Visual Studio Version 16
VisualStudioVersion = 16.0.30503.244
MinimumVisualStudioVersion = 10.0.40219.1
Project("{FAE04EC0-301F-11D3-BF4B-00C04F79EFBC}") = "Ejercicio_2_2_1_1_1", "Ejercicio_2_2_1_1_1\Ejercicio_2_2_1_1_1.csproj", "{F12D8AFF-3D2E-49FF-A293-875D5FA16362}"
EndProject
Global
	GlobalSection(SolutionConfigurationPlatforms) = preSolution
		Debug|Any CPU = Debug|Any CPU
		Release|Any CPU = Release|Any CPU
	EndGlobalSection
	GlobalSection(ProjectConfigurationPlatforms) = postSolution
		{F12D8AFF-3D2E-49FF-A293-875D5FA16362}.Debug|Any CPU.ActiveCfg = Debug|Any CPU
		{F12D8AFF-3D2E-49FF-A293-875D5FA16362}.Debug|Any CPU.Build.0 = Debug|Any CPU
		{F12D8AFF-3D2E-49FF-A293-875D5FA16362}.Release|Any CPU.ActiveCfg = Release|Any CPU
		{F12D8AFF-3D2E-49FF-A293-875D5FA16362}.Release|Any CPU.Build.0 = Release|Any CPU
	EndGlobalSection
	GlobalSection(SolutionProperties) = preSolution
		HideSolutionNode = FALSE
	EndGlobalSection
	GlobalSection(ExtensibilityGlobals) = postSolution
		SolutionGuid = {4E640A0F-AD06-44B9-8D7E-0E664213774E}
	EndGlobalSection
EndGlobal
