
Microsoft Visual Studio Solution File, Format Version 12.00
# Visual Studio Version 16
VisualStudioVersion = 16.0.30503.244
MinimumVisualStudioVersion = 10.0.40219.1
Project("{FAE04EC0-301F-11D3-BF4B-00C04F79EFBC}") = "Ejercicio_1_6_3_4", "Ejercicio_1_6_3_4\Ejercicio_1_6_3_4.csproj", "{00D1A79F-C34B-4384-8A86-92B494A92868}"
EndProject
Global
	GlobalSection(SolutionConfigurationPlatforms) = preSolution
		Debug|Any CPU = Debug|Any CPU
		Release|Any CPU = Release|Any CPU
	EndGlobalSection
	GlobalSection(ProjectConfigurationPlatforms) = postSolution
		{00D1A79F-C34B-4384-8A86-92B494A92868}.Debug|Any CPU.ActiveCfg = Debug|Any CPU
		{00D1A79F-C34B-4384-8A86-92B494A92868}.Debug|Any CPU.Build.0 = Debug|Any CPU
		{00D1A79F-C34B-4384-8A86-92B494A92868}.Release|Any CPU.ActiveCfg = Release|Any CPU
		{00D1A79F-C34B-4384-8A86-92B494A92868}.Release|Any CPU.Build.0 = Release|Any CPU
	EndGlobalSection
	GlobalSection(SolutionProperties) = preSolution
		HideSolutionNode = FALSE
	EndGlobalSection
	GlobalSection(ExtensibilityGlobals) = postSolution
		SolutionGuid = {5160D3A6-E2C1-46E4-B41E-CD739CFE56E1}
	EndGlobalSection
EndGlobal
