
Microsoft Visual Studio Solution File, Format Version 12.00
# Visual Studio Version 16
VisualStudioVersion = 16.0.30503.244
MinimumVisualStudioVersion = 10.0.40219.1
Project("{FAE04EC0-301F-11D3-BF4B-00C04F79EFBC}") = "Ejercicio_2_2_4_2", "Ejercicio_2_2_4_2\Ejercicio_2_2_4_2.csproj", "{C1955F92-2CD2-460A-9462-F7969043EA06}"
EndProject
Global
	GlobalSection(SolutionConfigurationPlatforms) = preSolution
		Debug|Any CPU = Debug|Any CPU
		Release|Any CPU = Release|Any CPU
	EndGlobalSection
	GlobalSection(ProjectConfigurationPlatforms) = postSolution
		{C1955F92-2CD2-460A-9462-F7969043EA06}.Debug|Any CPU.ActiveCfg = Debug|Any CPU
		{C1955F92-2CD2-460A-9462-F7969043EA06}.Debug|Any CPU.Build.0 = Debug|Any CPU
		{C1955F92-2CD2-460A-9462-F7969043EA06}.Release|Any CPU.ActiveCfg = Release|Any CPU
		{C1955F92-2CD2-460A-9462-F7969043EA06}.Release|Any CPU.Build.0 = Release|Any CPU
	EndGlobalSection
	GlobalSection(SolutionProperties) = preSolution
		HideSolutionNode = FALSE
	EndGlobalSection
	GlobalSection(ExtensibilityGlobals) = postSolution
		SolutionGuid = {203C9E7C-E4A2-43F8-968A-0C2F79B93FC4}
	EndGlobalSection
EndGlobal
