
Microsoft Visual Studio Solution File, Format Version 12.00
# Visual Studio Version 16
VisualStudioVersion = 16.0.30503.244
MinimumVisualStudioVersion = 10.0.40219.1
Project("{FAE04EC0-301F-11D3-BF4B-00C04F79EFBC}") = "Ejercicio_4_1_1_2", "Ejercicio_4_1_1_2\Ejercicio_4_1_1_2.csproj", "{A165155D-6B56-4B4C-8E0B-F266E34A4C3B}"
EndProject
Global
	GlobalSection(SolutionConfigurationPlatforms) = preSolution
		Debug|Any CPU = Debug|Any CPU
		Release|Any CPU = Release|Any CPU
	EndGlobalSection
	GlobalSection(ProjectConfigurationPlatforms) = postSolution
		{A165155D-6B56-4B4C-8E0B-F266E34A4C3B}.Debug|Any CPU.ActiveCfg = Debug|Any CPU
		{A165155D-6B56-4B4C-8E0B-F266E34A4C3B}.Debug|Any CPU.Build.0 = Debug|Any CPU
		{A165155D-6B56-4B4C-8E0B-F266E34A4C3B}.Release|Any CPU.ActiveCfg = Release|Any CPU
		{A165155D-6B56-4B4C-8E0B-F266E34A4C3B}.Release|Any CPU.Build.0 = Release|Any CPU
	EndGlobalSection
	GlobalSection(SolutionProperties) = preSolution
		HideSolutionNode = FALSE
	EndGlobalSection
	GlobalSection(ExtensibilityGlobals) = postSolution
		SolutionGuid = {5BE640C3-E0EB-44A3-9AB5-DB112045BAD9}
	EndGlobalSection
EndGlobal
