
Microsoft Visual Studio Solution File, Format Version 12.00
# Visual Studio Version 16
VisualStudioVersion = 16.0.30503.244
MinimumVisualStudioVersion = 10.0.40219.1
Project("{FAE04EC0-301F-11D3-BF4B-00C04F79EFBC}") = "Ejercicio_2_2_5_1", "Ejercicio_2_2_5_1\Ejercicio_2_2_5_1.csproj", "{FE461548-F49E-42F7-A8B5-A0DF7A6E928C}"
EndProject
Global
	GlobalSection(SolutionConfigurationPlatforms) = preSolution
		Debug|Any CPU = Debug|Any CPU
		Release|Any CPU = Release|Any CPU
	EndGlobalSection
	GlobalSection(ProjectConfigurationPlatforms) = postSolution
		{FE461548-F49E-42F7-A8B5-A0DF7A6E928C}.Debug|Any CPU.ActiveCfg = Debug|Any CPU
		{FE461548-F49E-42F7-A8B5-A0DF7A6E928C}.Debug|Any CPU.Build.0 = Debug|Any CPU
		{FE461548-F49E-42F7-A8B5-A0DF7A6E928C}.Release|Any CPU.ActiveCfg = Release|Any CPU
		{FE461548-F49E-42F7-A8B5-A0DF7A6E928C}.Release|Any CPU.Build.0 = Release|Any CPU
	EndGlobalSection
	GlobalSection(SolutionProperties) = preSolution
		HideSolutionNode = FALSE
	EndGlobalSection
	GlobalSection(ExtensibilityGlobals) = postSolution
		SolutionGuid = {C62BC38A-6F36-4854-86A9-B51C57835057}
	EndGlobalSection
EndGlobal
