
Microsoft Visual Studio Solution File, Format Version 12.00
# Visual Studio Version 16
VisualStudioVersion = 16.0.30503.244
MinimumVisualStudioVersion = 10.0.40219.1
Project("{FAE04EC0-301F-11D3-BF4B-00C04F79EFBC}") = "Ejercicio_1_5_2_4", "Ejercicio_1_5_2_4\Ejercicio_1_5_2_4.csproj", "{E0EF88A7-7CF8-42CB-B748-889723A04850}"
EndProject
Global
	GlobalSection(SolutionConfigurationPlatforms) = preSolution
		Debug|Any CPU = Debug|Any CPU
		Release|Any CPU = Release|Any CPU
	EndGlobalSection
	GlobalSection(ProjectConfigurationPlatforms) = postSolution
		{E0EF88A7-7CF8-42CB-B748-889723A04850}.Debug|Any CPU.ActiveCfg = Debug|Any CPU
		{E0EF88A7-7CF8-42CB-B748-889723A04850}.Debug|Any CPU.Build.0 = Debug|Any CPU
		{E0EF88A7-7CF8-42CB-B748-889723A04850}.Release|Any CPU.ActiveCfg = Release|Any CPU
		{E0EF88A7-7CF8-42CB-B748-889723A04850}.Release|Any CPU.Build.0 = Release|Any CPU
	EndGlobalSection
	GlobalSection(SolutionProperties) = preSolution
		HideSolutionNode = FALSE
	EndGlobalSection
	GlobalSection(ExtensibilityGlobals) = postSolution
		SolutionGuid = {7204E5FF-5DBB-4292-A700-C0039513598D}
	EndGlobalSection
EndGlobal
