
Microsoft Visual Studio Solution File, Format Version 12.00
# Visual Studio Version 16
VisualStudioVersion = 16.0.30503.244
MinimumVisualStudioVersion = 10.0.40219.1
Project("{FAE04EC0-301F-11D3-BF4B-00C04F79EFBC}") = "Ejercicio_2_2_5_2", "Ejercicio_2_2_5_2\Ejercicio_2_2_5_2.csproj", "{F08506B1-A7D2-4FFA-AD4C-8C576FD96785}"
EndProject
Global
	GlobalSection(SolutionConfigurationPlatforms) = preSolution
		Debug|Any CPU = Debug|Any CPU
		Release|Any CPU = Release|Any CPU
	EndGlobalSection
	GlobalSection(ProjectConfigurationPlatforms) = postSolution
		{F08506B1-A7D2-4FFA-AD4C-8C576FD96785}.Debug|Any CPU.ActiveCfg = Debug|Any CPU
		{F08506B1-A7D2-4FFA-AD4C-8C576FD96785}.Debug|Any CPU.Build.0 = Debug|Any CPU
		{F08506B1-A7D2-4FFA-AD4C-8C576FD96785}.Release|Any CPU.ActiveCfg = Release|Any CPU
		{F08506B1-A7D2-4FFA-AD4C-8C576FD96785}.Release|Any CPU.Build.0 = Release|Any CPU
	EndGlobalSection
	GlobalSection(SolutionProperties) = preSolution
		HideSolutionNode = FALSE
	EndGlobalSection
	GlobalSection(ExtensibilityGlobals) = postSolution
		SolutionGuid = {5C4DBBED-1910-4AD3-9FE7-97B3627B4D4C}
	EndGlobalSection
EndGlobal
