
Microsoft Visual Studio Solution File, Format Version 12.00
# Visual Studio Version 16
VisualStudioVersion = 16.0.30503.244
MinimumVisualStudioVersion = 10.0.40219.1
Project("{FAE04EC0-301F-11D3-BF4B-00C04F79EFBC}") = "Ejercicio_4_1_3_4", "Ejercicio_4_1_3_4\Ejercicio_4_1_3_4.csproj", "{0C0CC235-BC47-429B-97B4-1718F13555F0}"
EndProject
Global
	GlobalSection(SolutionConfigurationPlatforms) = preSolution
		Debug|Any CPU = Debug|Any CPU
		Release|Any CPU = Release|Any CPU
	EndGlobalSection
	GlobalSection(ProjectConfigurationPlatforms) = postSolution
		{0C0CC235-BC47-429B-97B4-1718F13555F0}.Debug|Any CPU.ActiveCfg = Debug|Any CPU
		{0C0CC235-BC47-429B-97B4-1718F13555F0}.Debug|Any CPU.Build.0 = Debug|Any CPU
		{0C0CC235-BC47-429B-97B4-1718F13555F0}.Release|Any CPU.ActiveCfg = Release|Any CPU
		{0C0CC235-BC47-429B-97B4-1718F13555F0}.Release|Any CPU.Build.0 = Release|Any CPU
	EndGlobalSection
	GlobalSection(SolutionProperties) = preSolution
		HideSolutionNode = FALSE
	EndGlobalSection
	GlobalSection(ExtensibilityGlobals) = postSolution
		SolutionGuid = {A815ABB9-B71D-4492-9EB4-EA43962ED5F6}
	EndGlobalSection
EndGlobal
