
Microsoft Visual Studio Solution File, Format Version 12.00
# Visual Studio Version 16
VisualStudioVersion = 16.0.30523.141
MinimumVisualStudioVersion = 10.0.40219.1
Project("{FAE04EC0-301F-11D3-BF4B-00C04F79EFBC}") = "Ejercicio_3_5_4", "Ejercicio_3_5_4\Ejercicio_3_5_4.csproj", "{2394F652-1BE9-4AEA-B49E-3A7E19A6B17C}"
EndProject
Global
	GlobalSection(SolutionConfigurationPlatforms) = preSolution
		Debug|Any CPU = Debug|Any CPU
		Release|Any CPU = Release|Any CPU
	EndGlobalSection
	GlobalSection(ProjectConfigurationPlatforms) = postSolution
		{2394F652-1BE9-4AEA-B49E-3A7E19A6B17C}.Debug|Any CPU.ActiveCfg = Debug|Any CPU
		{2394F652-1BE9-4AEA-B49E-3A7E19A6B17C}.Debug|Any CPU.Build.0 = Debug|Any CPU
		{2394F652-1BE9-4AEA-B49E-3A7E19A6B17C}.Release|Any CPU.ActiveCfg = Release|Any CPU
		{2394F652-1BE9-4AEA-B49E-3A7E19A6B17C}.Release|Any CPU.Build.0 = Release|Any CPU
	EndGlobalSection
	GlobalSection(SolutionProperties) = preSolution
		HideSolutionNode = FALSE
	EndGlobalSection
	GlobalSection(ExtensibilityGlobals) = postSolution
		SolutionGuid = {B8B006FF-D3BA-4AEA-94AF-BF0C184A573E}
	EndGlobalSection
EndGlobal
