
Microsoft Visual Studio Solution File, Format Version 12.00
# Visual Studio Version 16
VisualStudioVersion = 16.0.30523.141
MinimumVisualStudioVersion = 10.0.40219.1
Project("{FAE04EC0-301F-11D3-BF4B-00C04F79EFBC}") = "Ejercicio_3_2_3_7", "Ejercicio_3_2_3_7\Ejercicio_3_2_3_7.csproj", "{AE19705A-92F5-4CED-9EA6-FD960DC2A311}"
EndProject
Global
	GlobalSection(SolutionConfigurationPlatforms) = preSolution
		Debug|Any CPU = Debug|Any CPU
		Release|Any CPU = Release|Any CPU
	EndGlobalSection
	GlobalSection(ProjectConfigurationPlatforms) = postSolution
		{AE19705A-92F5-4CED-9EA6-FD960DC2A311}.Debug|Any CPU.ActiveCfg = Debug|Any CPU
		{AE19705A-92F5-4CED-9EA6-FD960DC2A311}.Debug|Any CPU.Build.0 = Debug|Any CPU
		{AE19705A-92F5-4CED-9EA6-FD960DC2A311}.Release|Any CPU.ActiveCfg = Release|Any CPU
		{AE19705A-92F5-4CED-9EA6-FD960DC2A311}.Release|Any CPU.Build.0 = Release|Any CPU
	EndGlobalSection
	GlobalSection(SolutionProperties) = preSolution
		HideSolutionNode = FALSE
	EndGlobalSection
	GlobalSection(ExtensibilityGlobals) = postSolution
		SolutionGuid = {A963F588-AA8D-4E34-98B6-66C64477BE72}
	EndGlobalSection
EndGlobal
