
Microsoft Visual Studio Solution File, Format Version 12.00
# Visual Studio Version 16
VisualStudioVersion = 16.0.30503.244
MinimumVisualStudioVersion = 10.0.40219.1
Project("{FAE04EC0-301F-11D3-BF4B-00C04F79EFBC}") = "Ejercicio_3_1_2_1", "Ejercicio_3_1_2_1\Ejercicio_3_1_2_1.csproj", "{0B40E370-6305-4881-B32E-C80697A09C0D}"
EndProject
Global
	GlobalSection(SolutionConfigurationPlatforms) = preSolution
		Debug|Any CPU = Debug|Any CPU
		Release|Any CPU = Release|Any CPU
	EndGlobalSection
	GlobalSection(ProjectConfigurationPlatforms) = postSolution
		{0B40E370-6305-4881-B32E-C80697A09C0D}.Debug|Any CPU.ActiveCfg = Debug|Any CPU
		{0B40E370-6305-4881-B32E-C80697A09C0D}.Debug|Any CPU.Build.0 = Debug|Any CPU
		{0B40E370-6305-4881-B32E-C80697A09C0D}.Release|Any CPU.ActiveCfg = Release|Any CPU
		{0B40E370-6305-4881-B32E-C80697A09C0D}.Release|Any CPU.Build.0 = Release|Any CPU
	EndGlobalSection
	GlobalSection(SolutionProperties) = preSolution
		HideSolutionNode = FALSE
	EndGlobalSection
	GlobalSection(ExtensibilityGlobals) = postSolution
		SolutionGuid = {E48931B8-DB97-4626-9490-7EFECFCC9227}
	EndGlobalSection
EndGlobal
