
Microsoft Visual Studio Solution File, Format Version 12.00
# Visual Studio Version 16
VisualStudioVersion = 16.0.30503.244
MinimumVisualStudioVersion = 10.0.40219.1
Project("{FAE04EC0-301F-11D3-BF4B-00C04F79EFBC}") = "Ejercicio_2_2_3_1", "Ejercicio_2_2_3_1\Ejercicio_2_2_3_1.csproj", "{78CB67FB-4574-4CB7-9CB3-F89804B8FD6E}"
EndProject
Global
	GlobalSection(SolutionConfigurationPlatforms) = preSolution
		Debug|Any CPU = Debug|Any CPU
		Release|Any CPU = Release|Any CPU
	EndGlobalSection
	GlobalSection(ProjectConfigurationPlatforms) = postSolution
		{78CB67FB-4574-4CB7-9CB3-F89804B8FD6E}.Debug|Any CPU.ActiveCfg = Debug|Any CPU
		{78CB67FB-4574-4CB7-9CB3-F89804B8FD6E}.Debug|Any CPU.Build.0 = Debug|Any CPU
		{78CB67FB-4574-4CB7-9CB3-F89804B8FD6E}.Release|Any CPU.ActiveCfg = Release|Any CPU
		{78CB67FB-4574-4CB7-9CB3-F89804B8FD6E}.Release|Any CPU.Build.0 = Release|Any CPU
	EndGlobalSection
	GlobalSection(SolutionProperties) = preSolution
		HideSolutionNode = FALSE
	EndGlobalSection
	GlobalSection(ExtensibilityGlobals) = postSolution
		SolutionGuid = {DB6DC488-4F74-43E5-860E-DB7D976ADF75}
	EndGlobalSection
EndGlobal
