
Microsoft Visual Studio Solution File, Format Version 12.00
# Visual Studio Version 16
VisualStudioVersion = 16.0.30503.244
MinimumVisualStudioVersion = 10.0.40219.1
Project("{FAE04EC0-301F-11D3-BF4B-00C04F79EFBC}") = "Ejercicio_1_6_3_2", "Ejercicio_1_6_3_2\Ejercicio_1_6_3_2.csproj", "{9E16C835-59E1-4FEB-9933-82050888D520}"
EndProject
Global
	GlobalSection(SolutionConfigurationPlatforms) = preSolution
		Debug|Any CPU = Debug|Any CPU
		Release|Any CPU = Release|Any CPU
	EndGlobalSection
	GlobalSection(ProjectConfigurationPlatforms) = postSolution
		{9E16C835-59E1-4FEB-9933-82050888D520}.Debug|Any CPU.ActiveCfg = Debug|Any CPU
		{9E16C835-59E1-4FEB-9933-82050888D520}.Debug|Any CPU.Build.0 = Debug|Any CPU
		{9E16C835-59E1-4FEB-9933-82050888D520}.Release|Any CPU.ActiveCfg = Release|Any CPU
		{9E16C835-59E1-4FEB-9933-82050888D520}.Release|Any CPU.Build.0 = Release|Any CPU
	EndGlobalSection
	GlobalSection(SolutionProperties) = preSolution
		HideSolutionNode = FALSE
	EndGlobalSection
	GlobalSection(ExtensibilityGlobals) = postSolution
		SolutionGuid = {0479F77D-BB8D-45C2-8DAB-15BA59CC69DD}
	EndGlobalSection
EndGlobal
