
Microsoft Visual Studio Solution File, Format Version 12.00
# Visual Studio Version 16
VisualStudioVersion = 16.0.30503.244
MinimumVisualStudioVersion = 10.0.40219.1
Project("{FAE04EC0-301F-11D3-BF4B-00C04F79EFBC}") = "Ejercicio_3_1_1_1", "Ejercicio_3_1_1_1\Ejercicio_3_1_1_1.csproj", "{3117F75C-C826-48B7-93D1-81B791557AAA}"
EndProject
Global
	GlobalSection(SolutionConfigurationPlatforms) = preSolution
		Debug|Any CPU = Debug|Any CPU
		Release|Any CPU = Release|Any CPU
	EndGlobalSection
	GlobalSection(ProjectConfigurationPlatforms) = postSolution
		{3117F75C-C826-48B7-93D1-81B791557AAA}.Debug|Any CPU.ActiveCfg = Debug|Any CPU
		{3117F75C-C826-48B7-93D1-81B791557AAA}.Debug|Any CPU.Build.0 = Debug|Any CPU
		{3117F75C-C826-48B7-93D1-81B791557AAA}.Release|Any CPU.ActiveCfg = Release|Any CPU
		{3117F75C-C826-48B7-93D1-81B791557AAA}.Release|Any CPU.Build.0 = Release|Any CPU
	EndGlobalSection
	GlobalSection(SolutionProperties) = preSolution
		HideSolutionNode = FALSE
	EndGlobalSection
	GlobalSection(ExtensibilityGlobals) = postSolution
		SolutionGuid = {D1D431CF-D38A-4546-854D-D647C728F92D}
	EndGlobalSection
EndGlobal
