
Microsoft Visual Studio Solution File, Format Version 12.00
# Visual Studio Version 16
VisualStudioVersion = 16.0.30503.244
MinimumVisualStudioVersion = 10.0.40219.1
Project("{FAE04EC0-301F-11D3-BF4B-00C04F79EFBC}") = "Ejercicio_1_4_1", "Ejercicio_1_4_1\Ejercicio_1_4_1.csproj", "{4E5A88CC-A5C9-43A9-9D65-EB2580A4F269}"
EndProject
Global
	GlobalSection(SolutionConfigurationPlatforms) = preSolution
		Debug|Any CPU = Debug|Any CPU
		Release|Any CPU = Release|Any CPU
	EndGlobalSection
	GlobalSection(ProjectConfigurationPlatforms) = postSolution
		{4E5A88CC-A5C9-43A9-9D65-EB2580A4F269}.Debug|Any CPU.ActiveCfg = Debug|Any CPU
		{4E5A88CC-A5C9-43A9-9D65-EB2580A4F269}.Debug|Any CPU.Build.0 = Debug|Any CPU
		{4E5A88CC-A5C9-43A9-9D65-EB2580A4F269}.Release|Any CPU.ActiveCfg = Release|Any CPU
		{4E5A88CC-A5C9-43A9-9D65-EB2580A4F269}.Release|Any CPU.Build.0 = Release|Any CPU
	EndGlobalSection
	GlobalSection(SolutionProperties) = preSolution
		HideSolutionNode = FALSE
	EndGlobalSection
	GlobalSection(ExtensibilityGlobals) = postSolution
		SolutionGuid = {3161959B-8314-4EAF-AB1E-9652AA0C7889}
	EndGlobalSection
EndGlobal
