
Microsoft Visual Studio Solution File, Format Version 12.00
# Visual Studio Version 16
VisualStudioVersion = 16.0.30503.244
MinimumVisualStudioVersion = 10.0.40219.1
Project("{FAE04EC0-301F-11D3-BF4B-00C04F79EFBC}") = "Ejercicio_3_3_1_1", "Ejercicio_3_3_1_1\Ejercicio_3_3_1_1.csproj", "{55253866-470C-40E3-B94D-03B97C358C52}"
EndProject
Global
	GlobalSection(SolutionConfigurationPlatforms) = preSolution
		Debug|Any CPU = Debug|Any CPU
		Release|Any CPU = Release|Any CPU
	EndGlobalSection
	GlobalSection(ProjectConfigurationPlatforms) = postSolution
		{55253866-470C-40E3-B94D-03B97C358C52}.Debug|Any CPU.ActiveCfg = Debug|Any CPU
		{55253866-470C-40E3-B94D-03B97C358C52}.Debug|Any CPU.Build.0 = Debug|Any CPU
		{55253866-470C-40E3-B94D-03B97C358C52}.Release|Any CPU.ActiveCfg = Release|Any CPU
		{55253866-470C-40E3-B94D-03B97C358C52}.Release|Any CPU.Build.0 = Release|Any CPU
	EndGlobalSection
	GlobalSection(SolutionProperties) = preSolution
		HideSolutionNode = FALSE
	EndGlobalSection
	GlobalSection(ExtensibilityGlobals) = postSolution
		SolutionGuid = {5C1D8BD2-53DE-4BB7-8D10-D9B5AB23E624}
	EndGlobalSection
EndGlobal
