
Microsoft Visual Studio Solution File, Format Version 12.00
# Visual Studio Version 16
VisualStudioVersion = 16.0.30503.244
MinimumVisualStudioVersion = 10.0.40219.1
Project("{FAE04EC0-301F-11D3-BF4B-00C04F79EFBC}") = "Ejercicio_3_2_3_6", "Ejercicio_3_2_3_6\Ejercicio_3_2_3_6.csproj", "{81B322C8-5104-4E43-9215-734377EA7AF2}"
EndProject
Global
	GlobalSection(SolutionConfigurationPlatforms) = preSolution
		Debug|Any CPU = Debug|Any CPU
		Release|Any CPU = Release|Any CPU
	EndGlobalSection
	GlobalSection(ProjectConfigurationPlatforms) = postSolution
		{81B322C8-5104-4E43-9215-734377EA7AF2}.Debug|Any CPU.ActiveCfg = Debug|Any CPU
		{81B322C8-5104-4E43-9215-734377EA7AF2}.Debug|Any CPU.Build.0 = Debug|Any CPU
		{81B322C8-5104-4E43-9215-734377EA7AF2}.Release|Any CPU.ActiveCfg = Release|Any CPU
		{81B322C8-5104-4E43-9215-734377EA7AF2}.Release|Any CPU.Build.0 = Release|Any CPU
	EndGlobalSection
	GlobalSection(SolutionProperties) = preSolution
		HideSolutionNode = FALSE
	EndGlobalSection
	GlobalSection(ExtensibilityGlobals) = postSolution
		SolutionGuid = {1EB67361-ABB1-4F28-A161-0C5C66269E54}
	EndGlobalSection
EndGlobal
