
Microsoft Visual Studio Solution File, Format Version 12.00
# Visual Studio Version 16
VisualStudioVersion = 16.0.30503.244
MinimumVisualStudioVersion = 10.0.40219.1
Project("{FAE04EC0-301F-11D3-BF4B-00C04F79EFBC}") = "Ejercicio_2_1_9_2", "Ejercicio_2_1_9_2\Ejercicio_2_1_9_2.csproj", "{A632318A-DFB6-4095-8759-A05DB329A742}"
EndProject
Global
	GlobalSection(SolutionConfigurationPlatforms) = preSolution
		Debug|Any CPU = Debug|Any CPU
		Release|Any CPU = Release|Any CPU
	EndGlobalSection
	GlobalSection(ProjectConfigurationPlatforms) = postSolution
		{A632318A-DFB6-4095-8759-A05DB329A742}.Debug|Any CPU.ActiveCfg = Debug|Any CPU
		{A632318A-DFB6-4095-8759-A05DB329A742}.Debug|Any CPU.Build.0 = Debug|Any CPU
		{A632318A-DFB6-4095-8759-A05DB329A742}.Release|Any CPU.ActiveCfg = Release|Any CPU
		{A632318A-DFB6-4095-8759-A05DB329A742}.Release|Any CPU.Build.0 = Release|Any CPU
	EndGlobalSection
	GlobalSection(SolutionProperties) = preSolution
		HideSolutionNode = FALSE
	EndGlobalSection
	GlobalSection(ExtensibilityGlobals) = postSolution
		SolutionGuid = {A5132865-E4C7-44BC-B758-B2A3C056040C}
	EndGlobalSection
EndGlobal
