
Microsoft Visual Studio Solution File, Format Version 12.00
# Visual Studio Version 16
VisualStudioVersion = 16.0.30503.244
MinimumVisualStudioVersion = 10.0.40219.1
Project("{FAE04EC0-301F-11D3-BF4B-00C04F79EFBC}") = "Ejercicio_2_1_5_1", "Ejercicio_2_1_5_1\Ejercicio_2_1_5_1.csproj", "{D89E3B37-715B-4E97-833F-ABD41D336684}"
EndProject
Global
	GlobalSection(SolutionConfigurationPlatforms) = preSolution
		Debug|Any CPU = Debug|Any CPU
		Release|Any CPU = Release|Any CPU
	EndGlobalSection
	GlobalSection(ProjectConfigurationPlatforms) = postSolution
		{D89E3B37-715B-4E97-833F-ABD41D336684}.Debug|Any CPU.ActiveCfg = Debug|Any CPU
		{D89E3B37-715B-4E97-833F-ABD41D336684}.Debug|Any CPU.Build.0 = Debug|Any CPU
		{D89E3B37-715B-4E97-833F-ABD41D336684}.Release|Any CPU.ActiveCfg = Release|Any CPU
		{D89E3B37-715B-4E97-833F-ABD41D336684}.Release|Any CPU.Build.0 = Release|Any CPU
	EndGlobalSection
	GlobalSection(SolutionProperties) = preSolution
		HideSolutionNode = FALSE
	EndGlobalSection
	GlobalSection(ExtensibilityGlobals) = postSolution
		SolutionGuid = {52D61CF3-D172-49F5-A530-7C383CE22A41}
	EndGlobalSection
EndGlobal
