
Microsoft Visual Studio Solution File, Format Version 12.00
# Visual Studio Version 16
VisualStudioVersion = 16.0.30503.244
MinimumVisualStudioVersion = 10.0.40219.1
Project("{FAE04EC0-301F-11D3-BF4B-00C04F79EFBC}") = "Ejercicio_4_1_4_1", "Ejercicio_4_1_4_1\Ejercicio_4_1_4_1.csproj", "{B9893FAC-17E9-461E-B7E6-035FC4A49DA5}"
EndProject
Global
	GlobalSection(SolutionConfigurationPlatforms) = preSolution
		Debug|Any CPU = Debug|Any CPU
		Release|Any CPU = Release|Any CPU
	EndGlobalSection
	GlobalSection(ProjectConfigurationPlatforms) = postSolution
		{B9893FAC-17E9-461E-B7E6-035FC4A49DA5}.Debug|Any CPU.ActiveCfg = Debug|Any CPU
		{B9893FAC-17E9-461E-B7E6-035FC4A49DA5}.Debug|Any CPU.Build.0 = Debug|Any CPU
		{B9893FAC-17E9-461E-B7E6-035FC4A49DA5}.Release|Any CPU.ActiveCfg = Release|Any CPU
		{B9893FAC-17E9-461E-B7E6-035FC4A49DA5}.Release|Any CPU.Build.0 = Release|Any CPU
	EndGlobalSection
	GlobalSection(SolutionProperties) = preSolution
		HideSolutionNode = FALSE
	EndGlobalSection
	GlobalSection(ExtensibilityGlobals) = postSolution
		SolutionGuid = {C6AB7F6D-FD44-4CB0-BFC1-AE33446F7F6B}
	EndGlobalSection
EndGlobal
