
Microsoft Visual Studio Solution File, Format Version 12.00
# Visual Studio Version 16
VisualStudioVersion = 16.0.30503.244
MinimumVisualStudioVersion = 10.0.40219.1
Project("{FAE04EC0-301F-11D3-BF4B-00C04F79EFBC}") = "Ejercicio_2_2_5_3", "Ejercicio_2_2_5_3\Ejercicio_2_2_5_3.csproj", "{2BDDF0BE-29E3-454F-BE9A-3DEF133304C9}"
EndProject
Global
	GlobalSection(SolutionConfigurationPlatforms) = preSolution
		Debug|Any CPU = Debug|Any CPU
		Release|Any CPU = Release|Any CPU
	EndGlobalSection
	GlobalSection(ProjectConfigurationPlatforms) = postSolution
		{2BDDF0BE-29E3-454F-BE9A-3DEF133304C9}.Debug|Any CPU.ActiveCfg = Debug|Any CPU
		{2BDDF0BE-29E3-454F-BE9A-3DEF133304C9}.Debug|Any CPU.Build.0 = Debug|Any CPU
		{2BDDF0BE-29E3-454F-BE9A-3DEF133304C9}.Release|Any CPU.ActiveCfg = Release|Any CPU
		{2BDDF0BE-29E3-454F-BE9A-3DEF133304C9}.Release|Any CPU.Build.0 = Release|Any CPU
	EndGlobalSection
	GlobalSection(SolutionProperties) = preSolution
		HideSolutionNode = FALSE
	EndGlobalSection
	GlobalSection(ExtensibilityGlobals) = postSolution
		SolutionGuid = {2AC81B95-C61E-4801-9398-8D88C5F117F6}
	EndGlobalSection
EndGlobal
