
Microsoft Visual Studio Solution File, Format Version 12.00
# Visual Studio Version 16
VisualStudioVersion = 16.0.30503.244
MinimumVisualStudioVersion = 10.0.40219.1
Project("{FAE04EC0-301F-11D3-BF4B-00C04F79EFBC}") = "Ejercicio_2_2_1_1_4", "Ejercicio_2_2_1_1_4\Ejercicio_2_2_1_1_4.csproj", "{2F61863A-62E1-4468-9F40-4052C9C2EC66}"
EndProject
Global
	GlobalSection(SolutionConfigurationPlatforms) = preSolution
		Debug|Any CPU = Debug|Any CPU
		Release|Any CPU = Release|Any CPU
	EndGlobalSection
	GlobalSection(ProjectConfigurationPlatforms) = postSolution
		{2F61863A-62E1-4468-9F40-4052C9C2EC66}.Debug|Any CPU.ActiveCfg = Debug|Any CPU
		{2F61863A-62E1-4468-9F40-4052C9C2EC66}.Debug|Any CPU.Build.0 = Debug|Any CPU
		{2F61863A-62E1-4468-9F40-4052C9C2EC66}.Release|Any CPU.ActiveCfg = Release|Any CPU
		{2F61863A-62E1-4468-9F40-4052C9C2EC66}.Release|Any CPU.Build.0 = Release|Any CPU
	EndGlobalSection
	GlobalSection(SolutionProperties) = preSolution
		HideSolutionNode = FALSE
	EndGlobalSection
	GlobalSection(ExtensibilityGlobals) = postSolution
		SolutionGuid = {EC4AD62B-F969-45BC-864C-50D4DA945ED5}
	EndGlobalSection
EndGlobal
