
Microsoft Visual Studio Solution File, Format Version 12.00
# Visual Studio Version 16
VisualStudioVersion = 16.0.30503.244
MinimumVisualStudioVersion = 10.0.40219.1
Project("{FAE04EC0-301F-11D3-BF4B-00C04F79EFBC}") = "HolaMundo", "HolaMundo\HolaMundo.csproj", "{EBA4C213-0481-4BA7-B57B-CECAA27E7182}"
EndProject
Global
	GlobalSection(SolutionConfigurationPlatforms) = preSolution
		Debug|Any CPU = Debug|Any CPU
		Release|Any CPU = Release|Any CPU
	EndGlobalSection
	GlobalSection(ProjectConfigurationPlatforms) = postSolution
		{EBA4C213-0481-4BA7-B57B-CECAA27E7182}.Debug|Any CPU.ActiveCfg = Debug|Any CPU
		{EBA4C213-0481-4BA7-B57B-CECAA27E7182}.Debug|Any CPU.Build.0 = Debug|Any CPU
		{EBA4C213-0481-4BA7-B57B-CECAA27E7182}.Release|Any CPU.ActiveCfg = Release|Any CPU
		{EBA4C213-0481-4BA7-B57B-CECAA27E7182}.Release|Any CPU.Build.0 = Release|Any CPU
	EndGlobalSection
	GlobalSection(SolutionProperties) = preSolution
		HideSolutionNode = FALSE
	EndGlobalSection
	GlobalSection(ExtensibilityGlobals) = postSolution
		SolutionGuid = {10096BE7-6200-47A4-B97C-3D299F069876}
	EndGlobalSection
EndGlobal
